
Microsoft Visual Studio Solution File, Format Version 12.00
# Visual Studio Version 17
VisualStudioVersion = 17.7.34221.43
MinimumVisualStudioVersion = 10.0.40219.1
Project("{FAE04EC0-301F-11D3-BF4B-00C04F79EFBC}") = "TypeConversion", "TypeConversion\TypeConversion.csproj", "{09E08A96-4DA4-4290-8CEE-BB77EB897951}"
EndProject
Global
	GlobalSection(SolutionConfigurationPlatforms) = preSolution
		Debug|Any CPU = Debug|Any CPU
		Release|Any CPU = Release|Any CPU
	EndGlobalSection
	GlobalSection(ProjectConfigurationPlatforms) = postSolution
		{09E08A96-4DA4-4290-8CEE-BB77EB897951}.Debug|Any CPU.ActiveCfg = Debug|Any CPU
		{09E08A96-4DA4-4290-8CEE-BB77EB897951}.Debug|Any CPU.Build.0 = Debug|Any CPU
		{09E08A96-4DA4-4290-8CEE-BB77EB897951}.Release|Any CPU.ActiveCfg = Release|Any CPU
		{09E08A96-4DA4-4290-8CEE-BB77EB897951}.Release|Any CPU.Build.0 = Release|Any CPU
	EndGlobalSection
	GlobalSection(SolutionProperties) = preSolution
		HideSolutionNode = FALSE
	EndGlobalSection
	GlobalSection(ExtensibilityGlobals) = postSolution
		SolutionGuid = {6B234698-C682-462A-BAFD-3D5F09261359}
	EndGlobalSection
EndGlobal
