
Microsoft Visual Studio Solution File, Format Version 12.00
# Visual Studio Version 17
VisualStudioVersion = 17.7.34221.43
MinimumVisualStudioVersion = 10.0.40219.1
Project("{FAE04EC0-301F-11D3-BF4B-00C04F79EFBC}") = "多态", "多态\多态.csproj", "{D083FF74-E310-45C5-BEE1-F1C193D56D03}"
EndProject
Global
	GlobalSection(SolutionConfigurationPlatforms) = preSolution
		Debug|Any CPU = Debug|Any CPU
		Release|Any CPU = Release|Any CPU
	EndGlobalSection
	GlobalSection(ProjectConfigurationPlatforms) = postSolution
		{D083FF74-E310-45C5-BEE1-F1C193D56D03}.Debug|Any CPU.ActiveCfg = Debug|Any CPU
		{D083FF74-E310-45C5-BEE1-F1C193D56D03}.Debug|Any CPU.Build.0 = Debug|Any CPU
		{D083FF74-E310-45C5-BEE1-F1C193D56D03}.Release|Any CPU.ActiveCfg = Release|Any CPU
		{D083FF74-E310-45C5-BEE1-F1C193D56D03}.Release|Any CPU.Build.0 = Release|Any CPU
	EndGlobalSection
	GlobalSection(SolutionProperties) = preSolution
		HideSolutionNode = FALSE
	EndGlobalSection
	GlobalSection(ExtensibilityGlobals) = postSolution
		SolutionGuid = {12DBCEE9-14F1-47DD-BBEA-25B32BEB4E9F}
	EndGlobalSection
EndGlobal
